PODS:
  - Bolts (1.6.0):
    - Bolts/AppLinks (= 1.6.0)
    - Bolts/Tasks (= 1.6.0)
  - Bolts/AppLinks (1.6.0):
    - Bolts/Tasks
  - Bolts/Tasks (1.6.0)
  - FBSDKCoreKit (4.9.1):
    - Bolts (~> 1.5)
  - FBSDKLoginKit (4.9.1):
    - FBSDKCoreKit
  - FBSDKShareKit (4.9.1):
    - FBSDKCoreKit
  - JSQMessagesViewController (7.2.0):
    - JSQSystemSoundPlayer (~> 2.0.1)
  - JSQSystemSoundPlayer (2.0.1)
  - Parse (1.8.5):
    - Bolts/Tasks (>= 1.2.2)
  - ParseFacebookUtilsV4 (1.8.5):
    - Bolts/Tasks (>= 1.2.2)
    - FBSDKCoreKit (~> 4.0)
    - FBSDKLoginKit (~> 4.0)
    - Parse (~> 1.8.4)

DEPENDENCIES:
  - FBSDKCoreKit
  - FBSDKLoginKit
  - FBSDKShareKit
  - JSQMessagesViewController
  - Parse
  - ParseFacebookUtilsV4 (~> 1.8.5)

SPEC CHECKSUMS:
  Bolts: f52a250053bb517ca874523c3913776359ab3def
  FBSDKCoreKit: aee20b6d9855f15b618d4fddd1a5ad45f5a4a59d
  FBSDKLoginKit: ec22dc49bd372b064e93d6773df4ffefb3a552a2
  FBSDKShareKit: b8c8ef0ed173f9fc1b3c8df384a0202ce53008d4
  JSQMessagesViewController: 73cab48aa92fc2d512f3b6724f3425cc47a19eb5
  JSQSystemSoundPlayer: c5850e77a4363ffd374cd851154b9af93264ed8d
  Parse: 17ad8e0677ed682f7f00503860fcda0f4eb74168
  ParseFacebookUtilsV4: cc51857cf984c6fc743e7f17c2ddebdb6f02f963

COCOAPODS: 0.38.2
